
Microsoft Visual Studio Solution File, Format Version 12.00
# Visual Studio Version 17
VisualStudioVersion = 17.3.32811.315
MinimumVisualStudioVersion = 10.0.40219.1
Project("{FAE04EC0-301F-11D3-BF4B-00C04F79EFBC}") = "uppgift3._13", "uppgift3._13\uppgift3._13.csproj", "{2B4C2C8F-AEDF-4137-A020-3FE5A033D97C}"
EndProject
Global
	GlobalSection(SolutionConfigurationPlatforms) = preSolution
		Debug|Any CPU = Debug|Any CPU
		Release|Any CPU = Release|Any CPU
	EndGlobalSection
	GlobalSection(ProjectConfigurationPlatforms) = postSolution
		{2B4C2C8F-AEDF-4137-A020-3FE5A033D97C}.Debug|Any CPU.ActiveCfg = Debug|Any CPU
		{2B4C2C8F-AEDF-4137-A020-3FE5A033D97C}.Debug|Any CPU.Build.0 = Debug|Any CPU
		{2B4C2C8F-AEDF-4137-A020-3FE5A033D97C}.Release|Any CPU.ActiveCfg = Release|Any CPU
		{2B4C2C8F-AEDF-4137-A020-3FE5A033D97C}.Release|Any CPU.Build.0 = Release|Any CPU
	EndGlobalSection
	GlobalSection(SolutionProperties) = preSolution
		HideSolutionNode = FALSE
	EndGlobalSection
	GlobalSection(ExtensibilityGlobals) = postSolution
		SolutionGuid = {C3567BA0-45CA-4996-B519-DFBA1FA411C9}
	EndGlobalSection
EndGlobal
